// !$*UTF8*$!
{
	archiveVersion = 1;
	classes = {
	};
	objectVersion = 50;
	objects = {

/* Begin PBXBuildFile section */
		8732A6E025ECD067001D2B2B /* AppDelegate.swift in Sources */ = {isa = PBXBuildFile; fileRef = 8732A6DF25ECD067001D2B2B /* AppDelegate.swift */; };
		8732A6E225ECD067001D2B2B /* SceneDelegate.swift in Sources */ = {isa = PBXBuildFile; fileRef = 8732A6E125ECD067001D2B2B /* SceneDelegate.swift */; };
		8732A6E425ECD067001D2B2B /* TimelineViewController.swift in Sources */ = {isa = PBXBuildFile; fileRef = 8732A6E325ECD067001D2B2B /* TimelineViewController.swift */; };
		8732A6E925ECD069001D2B2B /* Assets.xcassets in Resources */ = {isa = PBXBuildFile; fileRef = 8732A6E825ECD069001D2B2B /* Assets.xcassets */; };
		8732A6EC25ECD069001D2B2B /* LaunchScreen.storyboard in Resources */ = {isa = PBXBuildFile; fileRef = 8732A6EA25ECD069001D2B2B /* LaunchScreen.storyboard */; };
		8732A6F525ECD08D001D2B2B /* .gitignore in Resources */ = {isa = PBXBuildFile; fileRef = 8732A6F425ECD08D001D2B2B /* .gitignore */; };
		8732A72025EDBB61001D2B2B /* TweetCollectionViewCell.swift in Sources */ = {isa = PBXBuildFile; fileRef = 8732A71F25EDBB61001D2B2B /* TweetCollectionViewCell.swift */; };
		8755C0E925EE0FD300596ED0 /* ViewController.swift in Sources */ = {isa = PBXBuildFile; fileRef = 8755C0E825EE0FD300596ED0 /* ViewController.swift */; };
		8755C10025F111A400596ED0 /* SearchViewController.swift in Sources */ = {isa = PBXBuildFile; fileRef = 8755C0FF25F111A400596ED0 /* SearchViewController.swift */; };
		87A36DC225F1399A0069AE22 /* ImageBannerTableViewCell.swift in Sources */ = {isa = PBXBuildFile; fileRef = 87A36DC125F1399A0069AE22 /* ImageBannerTableViewCell.swift */; };
		87A36DC525F13DB20069AE22 /* TrendTableViewCell.swift in Sources */ = {isa = PBXBuildFile; fileRef = 87A36DC425F13DB20069AE22 /* TrendTableViewCell.swift */; };
/* End PBXBuildFile section */

/* Begin PBXFileReference section */
		8732A6DC25ECD067001D2B2B /* TwitterClone.app */ = {isa = PBXFileReference; explicitFileType = wrapper.application; includeInIndex = 0; path = TwitterClone.app; sourceTree = BUILT_PRODUCTS_DIR; };
		8732A6DF25ECD067001D2B2B /* AppDelegate.swift */ = {isa = PBXFileReference; lastKnownFileType = sourcecode.swift; path = AppDelegate.swift; sourceTree = "<group>"; };
		8732A6E125ECD067001D2B2B /* SceneDelegate.swift */ = {isa = PBXFileReference; lastKnownFileType = sourcecode.swift; path = SceneDelegate.swift; sourceTree = "<group>"; };
		8732A6E325ECD067001D2B2B /* TimelineViewController.swift */ = {isa = PBXFileReference; lastKnownFileType = sourcecode.swift; path = TimelineViewController.swift; sourceTree = "<group>"; };
		8732A6E825ECD069001D2B2B /* Assets.xcassets */ = {isa = PBXFileReference; lastKnownFileType = folder.assetcatalog; path = Assets.xcassets; sourceTree = "<group>"; };
		8732A6EB25ECD069001D2B2B /* Base */ = {isa = PBXFileReference; lastKnownFileType = file.storyboard; name = Base; path = Base.lproj/LaunchScreen.storyboard; sourceTree = "<group>"; };
		8732A6ED25ECD069001D2B2B /* Info.plist */ = {isa = PBXFileReference; lastKnownFileType = text.plist.xml; path = Info.plist; sourceTree = "<group>"; };
		8732A6F425ECD08D001D2B2B /* .gitignore */ = {isa = PBXFileReference; lastKnownFileType = text; path = .gitignore; sourceTree = "<group>"; };
		8732A71F25EDBB61001D2B2B /* TweetCollectionViewCell.swift */ = {isa = PBXFileReference; lastKnownFileType = sourcecode.swift; path = TweetCollectionViewCell.swift; sourceTree = "<group>"; };
		8755C0E825EE0FD300596ED0 /* ViewController.swift */ = {isa = PBXFileReference; lastKnownFileType = sourcecode.swift; path = ViewController.swift; sourceTree = "<group>"; };
		8755C0FF25F111A400596ED0 /* SearchViewController.swift */ = {isa = PBXFileReference; lastKnownFileType = sourcecode.swift; path = SearchViewController.swift; sourceTree = "<group>"; };
		87A36DC125F1399A0069AE22 /* ImageBannerTableViewCell.swift */ = {isa = PBXFileReference; lastKnownFileType = sourcecode.swift; path = ImageBannerTableViewCell.swift; sourceTree = "<group>"; };
		87A36DC425F13DB20069AE22 /* TrendTableViewCell.swift */ = {isa = PBXFileReference; lastKnownFileType = sourcecode.swift; path = TrendTableViewCell.swift; sourceTree = "<group>"; };
/* End PBXFileReference section */

/* Begin PBXFrameworksBuildPhase section */
		8732A6D925ECD067001D2B2B /* Frameworks */ = {
			isa = PBXFrameworksBuildPhase;
			buildActionMask = 2147483647;
			files = (
			);
			runOnlyForDeploymentPostprocessing = 0;
		};
/* End PBXFrameworksBuildPhase section */

/* Begin PBXGroup section */
		8732A6D325ECD067001D2B2B = {
			isa = PBXGroup;
			children = (
				8732A6DE25ECD067001D2B2B /* TwitterClone */,
				8732A6DD25ECD067001D2B2B /* Products */,
			);
			sourceTree = "<group>";
		};
		8732A6DD25ECD067001D2B2B /* Products */ = {
			isa = PBXGroup;
			children = (
				8732A6DC25ECD067001D2B2B /* TwitterClone.app */,
			);
			name = Products;
			sourceTree = "<group>";
		};
		8732A6DE25ECD067001D2B2B /* TwitterClone */ = {
			isa = PBXGroup;
			children = (
				8732A71E25EDBB4D001D2B2B /* View */,
				8732A6DF25ECD067001D2B2B /* AppDelegate.swift */,
				8732A6E125ECD067001D2B2B /* SceneDelegate.swift */,
				8732A6E325ECD067001D2B2B /* TimelineViewController.swift */,
				8732A6E825ECD069001D2B2B /* Assets.xcassets */,
				8732A6EA25ECD069001D2B2B /* LaunchScreen.storyboard */,
				8732A6ED25ECD069001D2B2B /* Info.plist */,
				8732A6F425ECD08D001D2B2B /* .gitignore */,
				8755C0E825EE0FD300596ED0 /* ViewController.swift */,
				8755C0FF25F111A400596ED0 /* SearchViewController.swift */,
			);
			path = TwitterClone;
			sourceTree = "<group>";
		};
		8732A71E25EDBB4D001D2B2B /* View */ = {
			isa = PBXGroup;
			children = (
				8732A71F25EDBB61001D2B2B /* TweetCollectionViewCell.swift */,
				87A36DC125F1399A0069AE22 /* ImageBannerTableViewCell.swift */,
				87A36DC425F13DB20069AE22 /* TrendTableViewCell.swift */,
			);
			path = View;
			sourceTree = "<group>";
		};
/* End PBXGroup section */

/* Begin PBXNativeTarget section */
		8732A6DB25ECD067001D2B2B /* TwitterClone */ = {
			isa = PBXNativeTarget;
			buildConfigurationList = 8732A6F025ECD069001D2B2B /* Build configuration list for PBXNativeTarget "TwitterClone" */;
			buildPhases = (
				8732A6D825ECD067001D2B2B /* Sources */,
				8732A6D925ECD067001D2B2B /* Frameworks */,
				8732A6DA25ECD067001D2B2B /* Resources */,
			);
			buildRules = (
			);
			dependencies = (
			);
			name = TwitterClone;
			productName = TwitterClone;
			productReference = 8732A6DC25ECD067001D2B2B /* TwitterClone.app */;
			productType = "com.apple.product-type.application";
		};
/* End PBXNativeTarget section */

/* Begin PBXProject section */
		8732A6D425ECD067001D2B2B /* Project object */ = {
			isa = PBXProject;
			attributes = {
				LastSwiftUpdateCheck = 1240;
				LastUpgradeCheck = 1240;
				TargetAttributes = {
					8732A6DB25ECD067001D2B2B = {
						CreatedOnToolsVersion = 12.4;
					};
				};
			};
			buildConfigurationList = 8732A6D725ECD067001D2B2B /* Build configuration list for PBXProject "TwitterClone" */;
			compatibilityVersion = "Xcode 9.3";
			developmentRegion = en;
			hasScannedForEncodings = 0;
			knownRegions = (
				en,
				Base,
			);
			mainGroup = 8732A6D325ECD067001D2B2B;
			productRefGroup = 8732A6DD25ECD067001D2B2B /* Products */;
			projectDirPath = "";
			projectRoot = "";
			targets = (
				8732A6DB25ECD067001D2B2B /* TwitterClone */,
			);
		};
/* End PBXProject section */

/* Begin PBXResourcesBuildPhase section */
		8732A6DA25ECD067001D2B2B /* Resources */ = {
			isa = PBXResourcesBuildPhase;
			buildActionMask = 2147483647;
			files = (
				8732A6F525ECD08D001D2B2B /* .gitignore in Resources */,
				8732A6EC25ECD069001D2B2B /* LaunchScreen.storyboard in Resources */,
				8732A6E925ECD069001D2B2B /* Assets.xcassets in Resources */,
			);
			runOnlyForDeploymentPostprocessing = 0;
		};
/* End PBXResourcesBuildPhase section */

/* Begin PBXSourcesBuildPhase section */
		8732A6D825ECD067001D2B2B /* Sources */ = {
			isa = PBXSourcesBuildPhase;
			buildActionMask = 2147483647;
			files = (
				87A36DC225F1399A0069AE22 /* ImageBannerTableViewCell.swift in Sources */,
				8755C10025F111A400596ED0 /* SearchViewController.swift in Sources */,
				8755C0E925EE0FD300596ED0 /* ViewController.swift in Sources */,
				87A36DC525F13DB20069AE22 /* TrendTableViewCell.swift in Sources */,
				8732A72025EDBB61001D2B2B /* TweetCollectionViewCell.swift in Sources */,
				8732A6E425ECD067001D2B2B /* TimelineViewController.swift in Sources */,
				8732A6E025ECD067001D2B2B /* AppDelegate.swift in Sources */,
				8732A6E225ECD067001D2B2B /* SceneDelegate.swift in Sources */,
			);
			runOnlyForDeploymentPostprocessing = 0;
		};
/* End PBXSourcesBuildPhase section */

/* Begin PBXVariantGroup section */
		8732A6EA25ECD069001D2B2B /* LaunchScreen.storyboard */ = {
			isa = PBXVariantGroup;
			children = (
				8732A6EB25ECD069001D2B2B /* Base */,
			);
			name = LaunchScreen.storyboard;
			sourceTree = "<group>";
		};
/* End PBXVariantGroup section */

/* Begin XCBuildConfiguration section */
		8732A6EE25ECD069001D2B2B /* Debug */ = {
			isa = XCBuildConfiguration;
			buildSettings = {
				ALWAYS_SEARCH_USER_PATHS = NO;
				CLANG_ANALYZER_NONNULL = YES;
				CLANG_ANALYZER_NUMBER_OBJECT_CONVERSION = YES_AGGRESSIVE;
				CLANG_CXX_LANGUAGE_STANDARD = "gnu++14";
				CLANG_CXX_LIBRARY = "libc++";
				CLANG_ENABLE_MODULES = YES;
				CLANG_ENABLE_OBJC_ARC = YES;
				CLANG_ENABLE_OBJC_WEAK = YES;
				CLANG_WARN_BLOCK_CAPTURE_AUTORELEASING = YES;
				CLANG_WARN_BOOL_CONVERSION = YES;
				CLANG_WARN_COMMA = YES;
				CLANG_WARN_CONSTANT_CONVERSION = YES;
				CLANG_WARN_DEPRECATED_OBJC_IMPLEMENTATIONS = YES;
				CLANG_WARN_DIRECT_OBJC_ISA_USAGE = YES_ERROR;
				CLANG_WARN_DOCUMENTATION_COMMENTS = YES;
				CLANG_WARN_EMPTY_BODY = YES;
				CLANG_WARN_ENUM_CONVERSION = YES;
				CLANG_WARN_INFINITE_RECURSION = YES;
				CLANG_WARN_INT_CONVERSION = YES;
				CLANG_WARN_NON_LITERAL_NULL_CONVERSION = YES;
				CLANG_WARN_OBJC_IMPLICIT_RETAIN_SELF = YES;
				CLANG_WARN_OBJC_LITERAL_CONVERSION = YES;
				CLANG_WARN_OBJC_ROOT_CLASS = YES_ERROR;
				CLANG_WARN_QUOTED_INCLUDE_IN_FRAMEWORK_HEADER = YES;
				CLANG_WARN_RANGE_LOOP_ANALYSIS = YES;
				CLANG_WARN_STRICT_PROTOTYPES = YES;
				CLANG_WARN_SUSPICIOUS_MOVE = YES;
				CLANG_WARN_UNGUARDED_AVAILABILITY = YES_AGGRESSIVE;
				CLANG_WARN_UNREACHABLE_CODE = YES;
				CLANG_WARN__DUPLICATE_METHOD_MATCH = YES;
				COPY_PHASE_STRIP = NO;
				DEBUG_INFORMATION_FORMAT = dwarf;
				ENABLE_STRICT_OBJC_MSGSEND = YES;
				ENABLE_TESTABILITY = YES;
				GCC_C_LANGUAGE_STANDARD = gnu11;
				GCC_DYNAMIC_NO_PIC = NO;
				GCC_NO_COMMON_BLOCKS = YES;
				GCC_OPTIMIZATION_LEVEL = 0;
				GCC_PREPROCESSOR_DEFINITIONS = (
					"DEBUG=1",
					"$(inherited)",
				);
				GCC_WARN_64_TO_32_BIT_CONVERSION = YES;
				GCC_WARN_ABOUT_RETURN_TYPE = YES_ERROR;
				GCC_WARN_UNDECLARED_SELECTOR = YES;
				GCC_WARN_UNINITIALIZED_AUTOS = YES_AGGRESSIVE;
				GCC_WARN_UNUSED_FUNCTION = YES;
				GCC_WARN_UNUSED_VARIABLE = YES;
				IPHONEOS_DEPLOYMENT_TARGET = 14.4;
				MTL_ENABLE_DEBUG_INFO = INCLUDE_SOURCE;
				MTL_FAST_MATH = YES;
				ONLY_ACTIVE_ARCH = YES;
				SDKROOT = iphoneos;
				SWIFT_ACTIVE_COMPILATION_CONDITIONS = DEBUG;
				SWIFT_OPTIMIZATION_LEVEL = "-Onone";
			};
			name = Debug;
		};
		8732A6EF25ECD069001D2B2B /* Release */ = {
			isa = XCBuildConfiguration;
			buildSettings = {
				ALWAYS_SEARCH_USER_PATHS = NO;
				CLANG_ANALYZER_NONNULL = YES;
				CLANG_ANALYZER_NUMBER_OBJECT_CONVERSION = YES_AGGRESSIVE;
				CLANG_CXX_LANGUAGE_STANDARD = "gnu++14";
				CLANG_CXX_LIBRARY = "libc++";
				CLANG_ENABLE_MODULES = YES;
				CLANG_ENABLE_OBJC_ARC = YES;
				CLANG_ENABLE_OBJC_WEAK = YES;
				CLANG_WARN_BLOCK_CAPTURE_AUTORELEASING = YES;
				CLANG_WARN_BOOL_CONVERSION = YES;
				CLANG_WARN_COMMA = YES;
				CLANG_WARN_CONSTANT_CONVERSION = YES;
				CLANG_WARN_DEPRECATED_OBJC_IMPLEMENTATIONS = YES;
				CLANG_WARN_DIRECT_OBJC_ISA_USAGE = YES_ERROR;
				CLANG_WARN_DOCUMENTATION_COMMENTS = YES;
				CLANG_WARN_EMPTY_BODY = YES;
				CLANG_WARN_ENUM_CONVERSION = YES;
				CLANG_WARN_INFINITE_RECURSION = YES;
				CLANG_WARN_INT_CONVERSION = YES;
				CLANG_WARN_NON_LITERAL_NULL_CONVERSION = YES;
				CLANG_WARN_OBJC_IMPLICIT_RETAIN_SELF = YES;
				CLANG_WARN_OBJC_LITERAL_CONVERSION = YES;
				CLANG_WARN_OBJC_ROOT_CLASS = YES_ERROR;
				CLANG_WARN_QUOTED_INCLUDE_IN_FRAMEWORK_HEADER = YES;
				CLANG_WARN_RANGE_LOOP_ANALYSIS = YES;
				CLANG_WARN_STRICT_PROTOTYPES = YES;
				CLANG_WARN_SUSPICIOUS_MOVE = YES;
				CLANG_WARN_UNGUARDED_AVAILABILITY = YES_AGGRESSIVE;
				CLANG_WARN_UNREACHABLE_CODE = YES;
				CLANG_WARN__DUPLICATE_METHOD_MATCH = YES;
				COPY_PHASE_STRIP = NO;
				DEBUG_INFORMATION_FORMAT = "dwarf-with-dsym";
				ENABLE_NS_ASSERTIONS = NO;
				ENABLE_STRICT_OBJC_MSGSEND = YES;
				GCC_C_LANGUAGE_STANDARD = gnu11;
				GCC_NO_COMMON_BLOCKS = YES;
				GCC_WARN_64_TO_32_BIT_CONVERSION = YES;
				GCC_WARN_ABOUT_RETURN_TYPE = YES_ERROR;
				GCC_WARN_UNDECLARED_SELECTOR = YES;
				GCC_WARN_UNINITIALIZED_AUTOS = YES_AGGRESSIVE;
				GCC_WARN_UNUSED_FUNCTION = YES;
				GCC_WARN_UNUSED_VARIABLE = YES;
				IPHONEOS_DEPLOYMENT_TARGET = 14.4;
				MTL_ENABLE_DEBUG_INFO = NO;
				MTL_FAST_MATH = YES;
				SDKROOT = iphoneos;
				SWIFT_COMPILATION_MODE = wholemodule;
				SWIFT_OPTIMIZATION_LEVEL = "-O";
				VALIDATE_PRODUCT = YES;
			};
			name = Release;
		};
		8732A6F125ECD069001D2B2B /* Debug */ = {
			isa = XCBuildConfiguration;
			buildSettings = {
				ASSETCATALOG_COMPILER_APPICON_NAME = AppIcon;
				ASSETCATALOG_COMPILER_GLOBAL_ACCENT_COLOR_NAME = AccentColor;
				CODE_SIGN_STYLE = Automatic;
				DEVELOPMENT_TEAM = F95C5R6HLY;
				INFOPLIST_FILE = TwitterClone/Info.plist;
				LD_RUNPATH_SEARCH_PATHS = (
					"$(inherited)",
					"@executable_path/Frameworks",
				);
				PRODUCT_BUNDLE_IDENTIFIER = dev.jiwon.TwitterClone;
				PRODUCT_NAME = "$(TARGET_NAME)";
				SWIFT_VERSION = 5.0;
				TARGETED_DEVICE_FAMILY = "1,2";
			};
			name = Debug;
		};
		8732A6F225ECD069001D2B2B /* Release */ = {
			isa = XCBuildConfiguration;
			buildSettings = {
				ASSETCATALOG_COMPILER_APPICON_NAME = AppIcon;
				ASSETCATALOG_COMPILER_GLOBAL_ACCENT_COLOR_NAME = AccentColor;
				CODE_SIGN_STYLE = Automatic;
				DEVELOPMENT_TEAM = F95C5R6HLY;
				INFOPLIST_FILE = TwitterClone/Info.plist;
				LD_RUNPATH_SEARCH_PATHS = (
					"$(inherited)",
					"@executable_path/Frameworks",
				);
				PRODUCT_BUNDLE_IDENTIFIER = dev.jiwon.TwitterClone;
				PRODUCT_NAME = "$(TARGET_NAME)";
				SWIFT_VERSION = 5.0;
				TARGETED_DEVICE_FAMILY = "1,2";
			};
			name = Release;
		};
/* End XCBuildConfiguration section */

/* Begin XCConfigurationList section */
		8732A6D725ECD067001D2B2B /* Build configuration list for PBXProject "TwitterClone" */ = {
			isa = XCConfigurationList;
			buildConfigurations = (
				8732A6EE25ECD069001D2B2B /* Debug */,
				8732A6EF25ECD069001D2B2B /* Release */,
			);
			defaultConfigurationIsVisible = 0;
			defaultConfigurationName = Release;
		};
		8732A6F025ECD069001D2B2B /* Build configuration list for PBXNativeTarget "TwitterClone" */ = {
			isa = XCConfigurationList;
			buildConfigurations = (
				8732A6F125ECD069001D2B2B /* Debug */,
				8732A6F225ECD069001D2B2B /* Release */,
			);
			defaultConfigurationIsVisible = 0;
			defaultConfigurationName = Release;
		};
/* End XCConfigurationList section */
	};
	rootObject = 8732A6D425ECD067001D2B2B /* Project object */;
}
